
Microsoft Visual Studio Solution File, Format Version 12.00
# Visual Studio 15
VisualStudioVersion = 15.0.28307.438
MinimumVisualStudioVersion = 10.0.40219.1
Project("{FAE04EC0-301F-11D3-BF4B-00C04F79EFBC}") = "Projet_Bulletin", "Projet_Bulletin\Projet_Bulletin.csproj", "{101ECD9A-EF35-4625-A0A9-D6682E70F7D7}"
EndProject
Global
	GlobalSection(SolutionConfigurationPlatforms) = preSolution
		Debug|Any CPU = Debug|Any CPU
		Release|Any CPU = Release|Any CPU
	EndGlobalSection
	GlobalSection(ProjectConfigurationPlatforms) = postSolution
		{101ECD9A-EF35-4625-A0A9-D6682E70F7D7}.Debug|Any CPU.ActiveCfg = Debug|Any CPU
		{101ECD9A-EF35-4625-A0A9-D6682E70F7D7}.Debug|Any CPU.Build.0 = Debug|Any CPU
		{101ECD9A-EF35-4625-A0A9-D6682E70F7D7}.Release|Any CPU.ActiveCfg = Release|Any CPU
		{101ECD9A-EF35-4625-A0A9-D6682E70F7D7}.Release|Any CPU.Build.0 = Release|Any CPU
	EndGlobalSection
	GlobalSection(SolutionProperties) = preSolution
		HideSolutionNode = FALSE
	EndGlobalSection
	GlobalSection(ExtensibilityGlobals) = postSolution
		SolutionGuid = {AFFE7DF7-CCF6-456A-9066-A0A51188D134}
	EndGlobalSection
EndGlobal
